version: 1
packages:
    cargo:
        - name: ripgrep
          installed_at: 2025-07-15T17:30:04.818452-06:00
          version: ""
        - name: exa
          installed_at: 2025-07-15T17:56:11.610187-06:00
          version: 0.10.1
    gem:
        - name: pry
          installed_at: 2025-07-14T21:11:05.757531-06:00
          version: 0.15.2
        - name: rake
          installed_at: 2025-07-21T15:53:22.965449-06:00
          version: 13.3.0
    go:
        - name: golang.org/x/tools/gopls@latest
          installed_at: 2025-07-14T21:44:31.573579-06:00
          version: v0.19.1
        - name: gopls
          installed_at: 2025-07-14T21:47:00.658861-06:00
          version: v0.19.1
        - name: goreleaser
          installed_at: 2025-07-14T21:52:17.540435-06:00
          version: v1.26.2
        - name: gofumpt
          installed_at: 2025-07-14T21:53:19.011309-06:00
          version: v0.8.0
    homebrew:
        - name: zoxide
          installed_at: 2025-07-12T18:56:23.231604-06:00
          version: 0.9.8
        - name: zellij
          installed_at: 2025-07-12T18:56:25.102846-06:00
          version: 0.42.2
        - name: xh
          installed_at: 2025-07-12T18:56:26.968439-06:00
          version: 0.24.1
        - name: tokei
          installed_at: 2025-07-12T18:56:30.727953-06:00
          version: 12.1.2
        - name: tldr
          installed_at: 2025-07-12T18:56:32.63582-06:00
          version: 1.6.1
        - name: starship
          installed_at: 2025-07-12T18:56:34.566735-06:00
          version: 1.23.0
        - name: sd
          installed_at: 2025-07-12T18:56:36.435152-06:00
          version: 1.0.0
        - name: procs
          installed_at: 2025-07-12T18:56:38.35075-06:00
          version: 0.14.10
        - name: pre-commit
          installed_at: 2025-07-12T18:56:40.316109-06:00
          version: 4.2.0
        - name: ollama
          installed_at: 2025-07-12T18:56:42.184145-06:00
          version: 0.9.5
        - name: neovim
          installed_at: 2025-07-12T18:56:44.358039-06:00
          version: 0.11.2
        - name: mcfly
          installed_at: 2025-07-12T18:56:46.216298-06:00
          version: 0.9.3
        - name: yazi
          installed_at: 2025-07-12T18:58:10.962857-06:00
          version: 25.5.31
        - name: lazygit
          installed_at: 2025-07-12T18:58:14.716066-06:00
          version: 0.53.0
        - name: just
          installed_at: 2025-07-12T18:58:16.622116-06:00
          version: 1.41.0
        - name: jq
          installed_at: 2025-07-12T18:58:18.510979-06:00
          version: 1.8.1
        - name: helix
          installed_at: 2025-07-12T18:58:20.518923-06:00
          version: 25.01.1
        - name: aider
          installed_at: 2025-07-12T18:59:53.806962-06:00
          version: 0.85.1
        - name: asdf
          installed_at: 2025-07-12T18:59:55.670382-06:00
          version: 0.18.0
        - name: awscli
          installed_at: 2025-07-12T19:00:01.005592-06:00
          version: 2.27.49
        - name: bandwhich
          installed_at: 2025-07-12T19:00:02.887527-06:00
          version: 0.23.1
        - name: btop
          installed_at: 2025-07-12T19:00:06.629629-06:00
          version: 1.4.4
        - name: choose
          installed_at: 2025-07-12T19:00:08.533142-06:00
          version: 0.1.0_4
        - name: colima
          installed_at: 2025-07-12T19:00:10.413955-06:00
          version: 0.8.1
        - name: docker
          installed_at: 2025-07-12T19:00:14.251753-06:00
          version: 28.3.0
        - name: duf
          installed_at: 2025-07-12T19:00:16.136286-06:00
          version: 0.8.1
        - name: dust
          installed_at: 2025-07-12T19:00:18.045805-06:00
          version: 1.2.2
        - name: editorconfig
          installed_at: 2025-07-12T19:00:19.922235-06:00
          version: 0.12.9
        - name: eza
          installed_at: 2025-07-12T19:00:21.790083-06:00
          version: 0.22.0
        - name: fd
          installed_at: 2025-07-12T19:00:23.700066-06:00
          version: 10.2.0
        - name: gh
          installed_at: 2025-07-12T19:00:27.45127-06:00
          version: 2.74.2
        - name: ghostty
          installed_at: 2025-07-12T19:00:30.607397-06:00
          version: unknown
        - name: coreutils
          installed_at: 2025-07-12T19:02:29.047569-06:00
          version: "9.7"
        - name: gcc
          installed_at: 2025-07-12T19:02:31.169587-06:00
          version: 15.1.0
        - name: git-delta
          installed_at: 2025-07-12T19:02:35.182216-06:00
          version: 0.18.2_3
        - name: google-cloud-sdk
          installed_at: 2025-07-12T19:02:37.720816-06:00
          version: unknown
        - name: goreleaser
          installed_at: 2025-07-12T19:02:39.593085-06:00
          version: 2.11.0
        - name: fish
          installed_at: 2025-07-12T19:12:12.221008-06:00
          version: 4.0.2
        - name: aichat
          installed_at: 2025-07-12T22:00:21.75411-06:00
          version: 0.30.0
        - name: lima
          installed_at: 2025-07-12T22:04:23.394576-06:00
          version: 1.1.1
        - name: git
          installed_at: 2025-07-12T22:04:58.935444-06:00
          version: 2.50.0
        - name: fzf
          installed_at: 2025-07-12T23:11:25.158422-06:00
          version: 0.64.0
        - name: curl
          installed_at: 2025-07-13T07:19:08.59852-06:00
          version: 8.14.1
        - name: wget
          installed_at: 2025-07-14T13:41:02.357498-06:00
          version: 1.25.0
        - name: font-hack-nerd-font
          installed_at: 2025-07-14T13:41:05.250119-06:00
          version: ""
        - name: postgresql
          installed_at: 2025-07-15T16:45:03.657674-06:00
          version: ""
    npm:
        - name: '@angular/cli'
          installed_at: 2025-07-15T17:08:34.868387-06:00
          version: 20.1.0
    pip:
        - name: black
          installed_at: 2025-07-14T17:40:13.244985-06:00
          version: 25.1.0
        - name: flake8
          installed_at: 2025-07-14T17:42:36.481494-06:00
          version: 7.3.0
        - name: numpy
          installed_at: 2025-07-16T09:17:39.350594-06:00
          version: 2.3.1
        - name: django
          installed_at: 2025-07-16T09:21:18.496242-06:00
          version: 5.2.4
