version: 2
resources:
    - type: package
      id: brew:bat
      metadata:
        manager: brew
        name: bat
        version: 0.25.0_1
      installed_at: "2025-07-29T16:51:33-06:00"
    - type: package
      id: brew:fd
      metadata:
        manager: brew
        name: fd
        version: 10.2.0
      installed_at: "2025-07-29T16:51:35-06:00"
    - type: package
      id: brew:ripgrep
      metadata:
        manager: brew
        name: ripgrep
        version: 14.1.1
      installed_at: "2025-07-29T16:51:37-06:00"
    - type: package
      id: npm:prettier
      metadata:
        manager: npm
        name: prettier
        version: 3.6.2
      installed_at: "2025-07-29T16:51:38-06:00"
    - type: package
      id: npm:eslint
      metadata:
        manager: npm
        name: eslint
        version: 9.32.0
      installed_at: "2025-07-29T16:51:41-06:00"
    - type: package
      id: brew:aichat
      metadata:
        manager: brew
        name: aichat
        version: 0.30.0
      installed_at: "2025-07-30T06:23:34-06:00"
    - type: package
      id: brew:aider
      metadata:
        manager: brew
        name: aider
        version: 0.85.2
      installed_at: "2025-07-30T06:23:36-06:00"
    - type: package
      id: brew:bats-core
      metadata:
        manager: brew
        name: bats-core
        version: 1.12.0
      installed_at: "2025-07-30T06:23:38-06:00"
    - type: package
      id: brew:btop
      metadata:
        manager: brew
        name: btop
        version: 1.4.4
      installed_at: "2025-07-30T06:23:40-06:00"
    - type: package
      id: brew:colima
      metadata:
        manager: brew
        name: colima
        version: 0.8.1
      installed_at: "2025-07-30T06:23:42-06:00"
    - type: package
      id: brew:coreutils
      metadata:
        manager: brew
        name: coreutils
        version: "9.7"
      installed_at: "2025-07-30T06:23:44-06:00"
    - type: package
      id: brew:curl
      metadata:
        manager: brew
        name: curl
        version: 8.15.0
      installed_at: "2025-07-30T06:23:46-06:00"
    - type: package
      id: brew:docker
      metadata:
        manager: brew
        name: docker
        version: 28.3.3
      installed_at: "2025-07-30T06:23:53-06:00"
    - type: package
      id: brew:editorconfig
      metadata:
        manager: brew
        name: editorconfig
        version: 0.12.9
      installed_at: "2025-07-30T06:23:55-06:00"
    - type: package
      id: brew:eza
      metadata:
        manager: brew
        name: eza
        version: 0.23.0
      installed_at: "2025-07-30T06:23:57-06:00"
    - type: package
      id: brew:fzf
      metadata:
        manager: brew
        name: fzf
        version: 0.65.0
      installed_at: "2025-07-30T06:24:00-06:00"
    - type: package
      id: brew:gcc
      metadata:
        manager: brew
        name: gcc
        version: 15.1.0
      installed_at: "2025-07-30T06:24:02-06:00"
    - type: package
      id: brew:gh
      metadata:
        manager: brew
        name: gh
        version: 2.76.1
      installed_at: "2025-07-30T06:24:04-06:00"
    - type: package
      id: brew:go
      metadata:
        manager: brew
        name: go
        version: 1.24.5
      installed_at: "2025-07-30T06:24:06-06:00"
    - type: package
      id: brew:jq
      metadata:
        manager: brew
        name: jq
        version: 1.8.1
      installed_at: "2025-07-30T06:24:08-06:00"
    - type: package
      id: brew:lazygit
      metadata:
        manager: brew
        name: lazygit
        version: 0.53.0
      installed_at: "2025-07-30T06:24:10-06:00"
    - type: package
      id: brew:mcfly
      metadata:
        manager: brew
        name: mcfly
        version: 0.9.3
      installed_at: "2025-07-30T06:24:12-06:00"
    - type: package
      id: go:deadcode
      metadata:
        manager: go
        name: deadcode
        source_path: golang.org/x/tools/cmd/deadcode@latest
        version: v0.35.0
      installed_at: "2025-07-30T16:37:25-06:00"
    - type: package
      id: brew:helix
      metadata:
        manager: brew
        name: helix
        version: 25.07.1
      installed_at: "2025-07-30T21:33:22-06:00"
    - type: package
      id: brew:neovim
      metadata:
        manager: brew
        name: neovim
        version: 0.11.3
      installed_at: "2025-07-30T21:33:24-06:00"
    - type: package
      id: brew:node
      metadata:
        manager: brew
        name: node
        version: 24.4.1
      installed_at: "2025-07-30T21:33:26-06:00"
    - type: package
      id: brew:ollama
      metadata:
        manager: brew
        name: ollama
        version: 0.9.6
      installed_at: "2025-07-30T21:33:28-06:00"
    - type: package
      id: brew:procs
      metadata:
        manager: brew
        name: procs
        version: 0.14.10
      installed_at: "2025-07-30T21:33:30-06:00"
    - type: package
      id: brew:python3
      metadata:
        manager: brew
        name: python3
        version: 3.13.5
      installed_at: "2025-07-30T21:33:32-06:00"
    - type: package
      id: brew:scc
      metadata:
        manager: brew
        name: scc
        version: 3.5.0
      installed_at: "2025-07-30T21:33:35-06:00"
    - type: package
      id: brew:sd
      metadata:
        manager: brew
        name: sd
        version: 1.0.0
      installed_at: "2025-07-30T21:33:37-06:00"
    - type: package
      id: brew:starship
      metadata:
        manager: brew
        name: starship
        version: 1.23.0
      installed_at: "2025-07-30T21:33:39-06:00"
    - type: package
      id: brew:tldr
      metadata:
        manager: brew
        name: tldr
        version: 1.6.1
      installed_at: "2025-07-30T21:33:42-06:00"
    - type: package
      id: brew:tokei
      metadata:
        manager: brew
        name: tokei
        version: 12.1.2
      installed_at: "2025-07-30T21:33:44-06:00"
    - type: package
      id: brew:wget
      metadata:
        manager: brew
        name: wget
        version: 1.25.0
      installed_at: "2025-07-30T21:33:46-06:00"
    - type: package
      id: brew:xh
      metadata:
        manager: brew
        name: xh
        version: 0.24.1
      installed_at: "2025-07-30T21:33:48-06:00"
    - type: package
      id: brew:yazi
      metadata:
        manager: brew
        name: yazi
        version: 25.5.31
      installed_at: "2025-07-30T21:33:50-06:00"
    - type: package
      id: brew:zellij
      metadata:
        manager: brew
        name: zellij
        version: 0.42.2
      installed_at: "2025-07-30T21:33:52-06:00"
    - type: package
      id: brew:zoxide
      metadata:
        manager: brew
        name: zoxide
        version: 0.9.8
      installed_at: "2025-07-30T21:33:55-06:00"
